
Microsoft Visual Studio Solution File, Format Version 12.00
# Visual Studio Version 17
VisualStudioVersion = 17.0.31903.59
MinimumVisualStudioVersion = 10.0.40219.1
Project("{FAE04EC0-301F-11D3-BF4B-00C04F79EFBC}") = "Lpl.Auth.Api", "Lpl.Auth.Api\Lpl.Auth.Api.csproj", "{F6D29FF8-C803-4E0A-B372-50C8C932284B}"
EndProject
Project("{FAE04EC0-301F-11D3-BF4B-00C04F79EFBC}") = "Lpl.Compliance.Api", "Lpl.Compliance.Api\Lpl.Compliance.Api.csproj", "{2470CA4F-EF32-4A26-B78D-52AC4F91883C}"
EndProject
Project("{FAE04EC0-301F-11D3-BF4B-00C04F79EFBC}") = "Lpl.Shared", "Lpl.Shared\Lpl.Shared.csproj", "{3586BE40-1391-4F90-B391-151A4229CB74}"
EndProject
Global
	GlobalSection(SolutionConfigurationPlatforms) = preSolution
		Debug|Any CPU = Debug|Any CPU
		Debug|x64 = Debug|x64
		Debug|x86 = Debug|x86
		Release|Any CPU = Release|Any CPU
		Release|x64 = Release|x64
		Release|x86 = Release|x86
	EndGlobalSection
	GlobalSection(ProjectConfigurationPlatforms) = postSolution
		{F6D29FF8-C803-4E0A-B372-50C8C932284B}.Debug|Any CPU.ActiveCfg = Debug|Any CPU
		{F6D29FF8-C803-4E0A-B372-50C8C932284B}.Debug|Any CPU.Build.0 = Debug|Any CPU
		{F6D29FF8-C803-4E0A-B372-50C8C932284B}.Debug|x64.ActiveCfg = Debug|Any CPU
		{F6D29FF8-C803-4E0A-B372-50C8C932284B}.Debug|x64.Build.0 = Debug|Any CPU
		{F6D29FF8-C803-4E0A-B372-50C8C932284B}.Debug|x86.ActiveCfg = Debug|Any CPU
		{F6D29FF8-C803-4E0A-B372-50C8C932284B}.Debug|x86.Build.0 = Debug|Any CPU
		{F6D29FF8-C803-4E0A-B372-50C8C932284B}.Release|Any CPU.ActiveCfg = Release|Any CPU
		{F6D29FF8-C803-4E0A-B372-50C8C932284B}.Release|Any CPU.Build.0 = Release|Any CPU
		{F6D29FF8-C803-4E0A-B372-50C8C932284B}.Release|x64.ActiveCfg = Release|Any CPU
		{F6D29FF8-C803-4E0A-B372-50C8C932284B}.Release|x64.Build.0 = Release|Any CPU
		{F6D29FF8-C803-4E0A-B372-50C8C932284B}.Release|x86.ActiveCfg = Release|Any CPU
		{F6D29FF8-C803-4E0A-B372-50C8C932284B}.Release|x86.Build.0 = Release|Any CPU
		{2470CA4F-EF32-4A26-B78D-52AC4F91883C}.Debug|Any CPU.ActiveCfg = Debug|Any CPU
		{2470CA4F-EF32-4A26-B78D-52AC4F91883C}.Debug|Any CPU.Build.0 = Debug|Any CPU
		{2470CA4F-EF32-4A26-B78D-52AC4F91883C}.Debug|x64.ActiveCfg = Debug|Any CPU
		{2470CA4F-EF32-4A26-B78D-52AC4F91883C}.Debug|x64.Build.0 = Debug|Any CPU
		{2470CA4F-EF32-4A26-B78D-52AC4F91883C}.Debug|x86.ActiveCfg = Debug|Any CPU
		{2470CA4F-EF32-4A26-B78D-52AC4F91883C}.Debug|x86.Build.0 = Debug|Any CPU
		{2470CA4F-EF32-4A26-B78D-52AC4F91883C}.Release|Any CPU.ActiveCfg = Release|Any CPU
		{2470CA4F-EF32-4A26-B78D-52AC4F91883C}.Release|Any CPU.Build.0 = Release|Any CPU
		{2470CA4F-EF32-4A26-B78D-52AC4F91883C}.Release|x64.ActiveCfg = Release|Any CPU
		{2470CA4F-EF32-4A26-B78D-52AC4F91883C}.Release|x64.Build.0 = Release|Any CPU
		{2470CA4F-EF32-4A26-B78D-52AC4F91883C}.Release|x86.ActiveCfg = Release|Any CPU
		{2470CA4F-EF32-4A26-B78D-52AC4F91883C}.Release|x86.Build.0 = Release|Any CPU
		{3586BE40-1391-4F90-B391-151A4229CB74}.Debug|Any CPU.ActiveCfg = Debug|Any CPU
		{3586BE40-1391-4F90-B391-151A4229CB74}.Debug|Any CPU.Build.0 = Debug|Any CPU
		{3586BE40-1391-4F90-B391-151A4229CB74}.Debug|x64.ActiveCfg = Debug|Any CPU
		{3586BE40-1391-4F90-B391-151A4229CB74}.Debug|x64.Build.0 = Debug|Any CPU
		{3586BE40-1391-4F90-B391-151A4229CB74}.Debug|x86.ActiveCfg = Debug|Any CPU
		{3586BE40-1391-4F90-B391-151A4229CB74}.Debug|x86.Build.0 = Debug|Any CPU
		{3586BE40-1391-4F90-B391-151A4229CB74}.Release|Any CPU.ActiveCfg = Release|Any CPU
		{3586BE40-1391-4F90-B391-151A4229CB74}.Release|Any CPU.Build.0 = Release|Any CPU
		{3586BE40-1391-4F90-B391-151A4229CB74}.Release|x64.ActiveCfg = Release|Any CPU
		{3586BE40-1391-4F90-B391-151A4229CB74}.Release|x64.Build.0 = Release|Any CPU
		{3586BE40-1391-4F90-B391-151A4229CB74}.Release|x86.ActiveCfg = Release|Any CPU
		{3586BE40-1391-4F90-B391-151A4229CB74}.Release|x86.Build.0 = Release|Any CPU
	EndGlobalSection
	GlobalSection(SolutionProperties) = preSolution
		HideSolutionNode = FALSE
	EndGlobalSection
EndGlobal
